
Microsoft Visual Studio Solution File, Format Version 12.00
# Visual Studio Version 17
VisualStudioVersion = 17.3.32922.545
MinimumVisualStudioVersion = 10.0.40219.1
Project("{8BC9CEB8-8B4A-11D0-8D11-00A0C91BC942}") = "SmartPointers", "SmartPointers\SmartPointers.vcxproj", "{B174907F-2E3B-4358-B515-516C43AE0880}"
EndProject
Global
	GlobalSection(SolutionConfigurationPlatforms) = preSolution
		Debug|x64 = Debug|x64
		Debug|x86 = Debug|x86
		Release|x64 = Release|x64
		Release|x86 = Release|x86
	EndGlobalSection
	GlobalSection(ProjectConfigurationPlatforms) = postSolution
		{B174907F-2E3B-4358-B515-516C43AE0880}.Debug|x64.ActiveCfg = Debug|x64
		{B174907F-2E3B-4358-B515-516C43AE0880}.Debug|x64.Build.0 = Debug|x64
		{B174907F-2E3B-4358-B515-516C43AE0880}.Debug|x86.ActiveCfg = Debug|Win32
		{B174907F-2E3B-4358-B515-516C43AE0880}.Debug|x86.Build.0 = Debug|Win32
		{B174907F-2E3B-4358-B515-516C43AE0880}.Release|x64.ActiveCfg = Release|x64
		{B174907F-2E3B-4358-B515-516C43AE0880}.Release|x64.Build.0 = Release|x64
		{B174907F-2E3B-4358-B515-516C43AE0880}.Release|x86.ActiveCfg = Release|Win32
		{B174907F-2E3B-4358-B515-516C43AE0880}.Release|x86.Build.0 = Release|Win32
	EndGlobalSection
	GlobalSection(SolutionProperties) = preSolution
		HideSolutionNode = FALSE
	EndGlobalSection
	GlobalSection(ExtensibilityGlobals) = postSolution
		SolutionGuid = {BE87DFCB-4C89-46CC-A181-F52006B92F82}
	EndGlobalSection
EndGlobal
